{
    "_readme": [
        "This file locks the dependencies of your project to a known state",
        "Read more about it at https://getcomposer.org/doc/01-basic-usage.md#installing-dependencies",
        "This file is @generated automatically"
    ],
    "content-hash": "57e2ebd7108eed5fcd845c273481d2bb",
    "packages": [
        {
            "name": "voronkovich/sberbank-acquiring-client",
            "version": "v2.5",
            "source": {
                "type": "git",
                "url": "https://github.com/voronkovich/sberbank-acquiring-client.git",
                "reference": "6095e00cf29789d5a556044c5db49a753c721d4f"
            },
            "dist": {
                "type": "zip",
                "url": "https://api.github.com/repos/voronkovich/sberbank-acquiring-client/zipball/6095e00cf29789d5a556044c5db49a753c721d4f",
                "reference": "6095e00cf29789d5a556044c5db49a753c721d4f",
                "shasum": ""
            },
            "require": {
                "ext-json": "*",
                "php": "^7.1||^8"
            },
            "type": "library",
            "autoload": {
                "psr-4": {
                    "Voronkovich\\SberbankAcquiring\\": "src/"
                }
            },
            "notification-url": "https://packagist.org/downloads/",
            "license": [
                "MIT"
            ],
            "authors": [
                {
                    "name": "Oleg Voronkovich",
                    "email": "oleg-voronkovich@yandex.ru"
                }
            ],
            "description": "Client for working with Sberbank's acquiring REST API",
            "homepage": "https://github.com/voronkovich/sberbank-acquiring-client",
            "keywords": [
                "acquiring",
                "client",
                "credit card",
                "sberbank"
            ],
            "support": {
                "issues": "https://github.com/voronkovich/sberbank-acquiring-client/issues",
                "source": "https://github.com/voronkovich/sberbank-acquiring-client/tree/v2.5"
            },
            "time": "2020-08-15T17:16:25+00:00"
        }
    ],
    "packages-dev": [],
    "aliases": [],
    "minimum-stability": "stable",
    "stability-flags": [],
    "prefer-stable": false,
    "prefer-lowest": false,
    "platform": [],
    "platform-dev": [],
    "plugin-api-version": "2.0.0"
}
